
Microsoft Visual Studio Solution File, Format Version 12.00
# Visual Studio 2013
VisualStudioVersion = 12.0.21005.1
MinimumVisualStudioVersion = 10.0.40219.1
Project("{8BC9CEB8-8B4A-11D0-8D11-00A0C91BC942}") = "tests", "tests.vcxproj", "{638C60F9-C296-41AD-A81E-691FEA1E5AFD}"
EndProject
Project("{8BC9CEB8-8B4A-11D0-8D11-00A0C91BC942}") = "libssh2", "libssh2.vcxproj", "{BF2C3D08-D463-4439-9A51-49DA6A7EC81E}"
EndProject
Global
	GlobalSection(SolutionConfigurationPlatforms) = preSolution
		Debug|Win32 = Debug|Win32
		Debug|x64 = Debug|x64
		DLL Debug|Win32 = DLL Debug|Win32
		DLL Debug|x64 = DLL Debug|x64
		DLL Release|Win32 = DLL Release|Win32
		DLL Release|x64 = DLL Release|x64
		LIB Debug|Win32 = LIB Debug|Win32
		LIB Debug|x64 = LIB Debug|x64
		LIB Release|Win32 = LIB Release|Win32
		LIB Release|x64 = LIB Release|x64
		Release|Win32 = Release|Win32
		Release|x64 = Release|x64
	EndGlobalSection
	GlobalSection(ProjectConfigurationPlatforms) = postSolution
		{638C60F9-C296-41AD-A81E-691FEA1E5AFD}.Debug|Win32.ActiveCfg = Debug|Win32
		{638C60F9-C296-41AD-A81E-691FEA1E5AFD}.Debug|Win32.Build.0 = Debug|Win32
		{638C60F9-C296-41AD-A81E-691FEA1E5AFD}.Debug|x64.ActiveCfg = Debug|Win32
		{638C60F9-C296-41AD-A81E-691FEA1E5AFD}.DLL Debug|Win32.ActiveCfg = Debug|Win32
		{638C60F9-C296-41AD-A81E-691FEA1E5AFD}.DLL Debug|Win32.Build.0 = Debug|Win32
		{638C60F9-C296-41AD-A81E-691FEA1E5AFD}.DLL Debug|x64.ActiveCfg = Debug|Win32
		{638C60F9-C296-41AD-A81E-691FEA1E5AFD}.DLL Release|Win32.ActiveCfg = Release|Win32
		{638C60F9-C296-41AD-A81E-691FEA1E5AFD}.DLL Release|Win32.Build.0 = Release|Win32
		{638C60F9-C296-41AD-A81E-691FEA1E5AFD}.DLL Release|x64.ActiveCfg = Release|Win32
		{638C60F9-C296-41AD-A81E-691FEA1E5AFD}.LIB Debug|Win32.ActiveCfg = Debug|Win32
		{638C60F9-C296-41AD-A81E-691FEA1E5AFD}.LIB Debug|Win32.Build.0 = Debug|Win32
		{638C60F9-C296-41AD-A81E-691FEA1E5AFD}.LIB Debug|x64.ActiveCfg = Debug|Win32
		{638C60F9-C296-41AD-A81E-691FEA1E5AFD}.LIB Release|Win32.ActiveCfg = Release|Win32
		{638C60F9-C296-41AD-A81E-691FEA1E5AFD}.LIB Release|Win32.Build.0 = Release|Win32
		{638C60F9-C296-41AD-A81E-691FEA1E5AFD}.LIB Release|x64.ActiveCfg = Release|Win32
		{638C60F9-C296-41AD-A81E-691FEA1E5AFD}.Release|Win32.ActiveCfg = Release|Win32
		{638C60F9-C296-41AD-A81E-691FEA1E5AFD}.Release|Win32.Build.0 = Release|Win32
		{638C60F9-C296-41AD-A81E-691FEA1E5AFD}.Release|x64.ActiveCfg = Release|Win32
		{BF2C3D08-D463-4439-9A51-49DA6A7EC81E}.Debug|Win32.ActiveCfg = LIB Debug|Win32
		{BF2C3D08-D463-4439-9A51-49DA6A7EC81E}.Debug|Win32.Build.0 = LIB Debug|Win32
		{BF2C3D08-D463-4439-9A51-49DA6A7EC81E}.Debug|x64.ActiveCfg = LIB Debug|x64
		{BF2C3D08-D463-4439-9A51-49DA6A7EC81E}.Debug|x64.Build.0 = LIB Debug|x64
		{BF2C3D08-D463-4439-9A51-49DA6A7EC81E}.DLL Debug|Win32.ActiveCfg = DLL Debug|Win32
		{BF2C3D08-D463-4439-9A51-49DA6A7EC81E}.DLL Debug|Win32.Build.0 = DLL Debug|Win32
		{BF2C3D08-D463-4439-9A51-49DA6A7EC81E}.DLL Debug|x64.ActiveCfg = DLL Debug|x64
		{BF2C3D08-D463-4439-9A51-49DA6A7EC81E}.DLL Debug|x64.Build.0 = DLL Debug|x64
		{BF2C3D08-D463-4439-9A51-49DA6A7EC81E}.DLL Release|Win32.ActiveCfg = DLL Release|Win32
		{BF2C3D08-D463-4439-9A51-49DA6A7EC81E}.DLL Release|Win32.Build.0 = DLL Release|Win32
		{BF2C3D08-D463-4439-9A51-49DA6A7EC81E}.DLL Release|x64.ActiveCfg = DLL Release|x64
		{BF2C3D08-D463-4439-9A51-49DA6A7EC81E}.DLL Release|x64.Build.0 = DLL Release|x64
		{BF2C3D08-D463-4439-9A51-49DA6A7EC81E}.LIB Debug|Win32.ActiveCfg = LIB Debug|Win32
		{BF2C3D08-D463-4439-9A51-49DA6A7EC81E}.LIB Debug|Win32.Build.0 = LIB Debug|Win32
		{BF2C3D08-D463-4439-9A51-49DA6A7EC81E}.LIB Debug|x64.ActiveCfg = LIB Debug|x64
		{BF2C3D08-D463-4439-9A51-49DA6A7EC81E}.LIB Debug|x64.Build.0 = LIB Debug|x64
		{BF2C3D08-D463-4439-9A51-49DA6A7EC81E}.LIB Release|Win32.ActiveCfg = LIB Release|Win32
		{BF2C3D08-D463-4439-9A51-49DA6A7EC81E}.LIB Release|Win32.Build.0 = LIB Release|Win32
		{BF2C3D08-D463-4439-9A51-49DA6A7EC81E}.LIB Release|x64.ActiveCfg = LIB Release|x64
		{BF2C3D08-D463-4439-9A51-49DA6A7EC81E}.LIB Release|x64.Build.0 = LIB Release|x64
		{BF2C3D08-D463-4439-9A51-49DA6A7EC81E}.Release|Win32.ActiveCfg = LIB Release|Win32
		{BF2C3D08-D463-4439-9A51-49DA6A7EC81E}.Release|Win32.Build.0 = LIB Release|Win32
		{BF2C3D08-D463-4439-9A51-49DA6A7EC81E}.Release|x64.ActiveCfg = LIB Release|x64
		{BF2C3D08-D463-4439-9A51-49DA6A7EC81E}.Release|x64.Build.0 = LIB Release|x64
	EndGlobalSection
	GlobalSection(SolutionProperties) = preSolution
		HideSolutionNode = FALSE
	EndGlobalSection
EndGlobal
